
Microsoft Visual Studio Solution File, Format Version 12.00
# Visual Studio Version 17
VisualStudioVersion = 17.2.32616.157
MinimumVisualStudioVersion = 10.0.40219.1
Project("{9A19103F-16F7-4668-BE54-9A1E7A4F7556}") = "UrlShortener", "UrlShortener.csproj", "{0E2AEBDE-6841-4325-A3DA-BF8E3E969F0A}"
EndProject
Project("{9A19103F-16F7-4668-BE54-9A1E7A4F7556}") = "DataAccess", "..\DataAccess\DataAccess.csproj", "{A4D7A7CE-97FE-4263-8BFB-8789F8A4BE6C}"
EndProject
Project("{9A19103F-16F7-4668-BE54-9A1E7A4F7556}") = "Operation", "..\Operation\Operation.csproj", "{10F25727-F183-4BDA-8E57-EA1238F639B0}"
EndProject
Project("{9A19103F-16F7-4668-BE54-9A1E7A4F7556}") = "Entity", "..\Entity\Entity.csproj", "{E7ABCB59-A809-462E-A099-F730AC493A07}"
EndProject
Project("{9A19103F-16F7-4668-BE54-9A1E7A4F7556}") = "UrlShortener.UnitTests", "..\UrlShortener.UnitTests\UrlShortener.UnitTests.csproj", "{C0ED217E-C741-4DBD-A7EE-55E5BF1D1BC2}"
EndProject
Global
	GlobalSection(SolutionConfigurationPlatforms) = preSolution
		Debug|Any CPU = Debug|Any CPU
		Release|Any CPU = Release|Any CPU
	EndGlobalSection
	GlobalSection(ProjectConfigurationPlatforms) = postSolution
		{0E2AEBDE-6841-4325-A3DA-BF8E3E969F0A}.Debug|Any CPU.ActiveCfg = Debug|Any CPU
		{0E2AEBDE-6841-4325-A3DA-BF8E3E969F0A}.Debug|Any CPU.Build.0 = Debug|Any CPU
		{0E2AEBDE-6841-4325-A3DA-BF8E3E969F0A}.Release|Any CPU.ActiveCfg = Release|Any CPU
		{0E2AEBDE-6841-4325-A3DA-BF8E3E969F0A}.Release|Any CPU.Build.0 = Release|Any CPU
		{A4D7A7CE-97FE-4263-8BFB-8789F8A4BE6C}.Debug|Any CPU.ActiveCfg = Debug|Any CPU
		{A4D7A7CE-97FE-4263-8BFB-8789F8A4BE6C}.Debug|Any CPU.Build.0 = Debug|Any CPU
		{A4D7A7CE-97FE-4263-8BFB-8789F8A4BE6C}.Release|Any CPU.ActiveCfg = Release|Any CPU
		{A4D7A7CE-97FE-4263-8BFB-8789F8A4BE6C}.Release|Any CPU.Build.0 = Release|Any CPU
		{10F25727-F183-4BDA-8E57-EA1238F639B0}.Debug|Any CPU.ActiveCfg = Debug|Any CPU
		{10F25727-F183-4BDA-8E57-EA1238F639B0}.Debug|Any CPU.Build.0 = Debug|Any CPU
		{10F25727-F183-4BDA-8E57-EA1238F639B0}.Release|Any CPU.ActiveCfg = Release|Any CPU
		{10F25727-F183-4BDA-8E57-EA1238F639B0}.Release|Any CPU.Build.0 = Release|Any CPU
		{E7ABCB59-A809-462E-A099-F730AC493A07}.Debug|Any CPU.ActiveCfg = Debug|Any CPU
		{E7ABCB59-A809-462E-A099-F730AC493A07}.Debug|Any CPU.Build.0 = Debug|Any CPU
		{E7ABCB59-A809-462E-A099-F730AC493A07}.Release|Any CPU.ActiveCfg = Release|Any CPU
		{E7ABCB59-A809-462E-A099-F730AC493A07}.Release|Any CPU.Build.0 = Release|Any CPU
		{C0ED217E-C741-4DBD-A7EE-55E5BF1D1BC2}.Debug|Any CPU.ActiveCfg = Debug|Any CPU
		{C0ED217E-C741-4DBD-A7EE-55E5BF1D1BC2}.Debug|Any CPU.Build.0 = Debug|Any CPU
		{C0ED217E-C741-4DBD-A7EE-55E5BF1D1BC2}.Release|Any CPU.ActiveCfg = Release|Any CPU
		{C0ED217E-C741-4DBD-A7EE-55E5BF1D1BC2}.Release|Any CPU.Build.0 = Release|Any CPU
	EndGlobalSection
	GlobalSection(SolutionProperties) = preSolution
		HideSolutionNode = FALSE
	EndGlobalSection
	GlobalSection(ExtensibilityGlobals) = postSolution
		SolutionGuid = {A5CA6197-71D1-4DBC-9D67-E4C3BF8F460B}
	EndGlobalSection
EndGlobal
